
Microsoft Visual Studio Solution File, Format Version 12.00
# Visual Studio 15
VisualStudioVersion = 15.0.28307.329
MinimumVisualStudioVersion = 10.0.40219.1
Project("{FAE04EC0-301F-11D3-BF4B-00C04F79EFBC}") = "WebApplication3.API", "WebApplication3\WebApplication3.API.csproj", "{82150B6C-5315-4833-8CE6-1100B2775FC2}"
EndProject
Project("{FAE04EC0-301F-11D3-BF4B-00C04F79EFBC}") = "WebApplication3.Core", "ClassLibrary1\WebApplication3.Core.csproj", "{1FC04418-6BB5-4F12-A952-DD9EC593891B}"
	ProjectSection(ProjectDependencies) = postProject
		{CADC83C3-72CD-44F4-864D-F7B2176E669E} = {CADC83C3-72CD-44F4-864D-F7B2176E669E}
	EndProjectSection
EndProject
Project("{FAE04EC0-301F-11D3-BF4B-00C04F79EFBC}") = "WebApplication3.Domain", "ClassLibrary2\WebApplication3.Domain.csproj", "{CADC83C3-72CD-44F4-864D-F7B2176E669E}"
EndProject
Global
	GlobalSection(SolutionConfigurationPlatforms) = preSolution
		Debug|Any CPU = Debug|Any CPU
		Release|Any CPU = Release|Any CPU
	EndGlobalSection
	GlobalSection(ProjectConfigurationPlatforms) = postSolution
		{82150B6C-5315-4833-8CE6-1100B2775FC2}.Debug|Any CPU.ActiveCfg = Debug|Any CPU
		{82150B6C-5315-4833-8CE6-1100B2775FC2}.Debug|Any CPU.Build.0 = Debug|Any CPU
		{82150B6C-5315-4833-8CE6-1100B2775FC2}.Release|Any CPU.ActiveCfg = Release|Any CPU
		{82150B6C-5315-4833-8CE6-1100B2775FC2}.Release|Any CPU.Build.0 = Release|Any CPU
		{1FC04418-6BB5-4F12-A952-DD9EC593891B}.Debug|Any CPU.ActiveCfg = Debug|Any CPU
		{1FC04418-6BB5-4F12-A952-DD9EC593891B}.Debug|Any CPU.Build.0 = Debug|Any CPU
		{1FC04418-6BB5-4F12-A952-DD9EC593891B}.Release|Any CPU.ActiveCfg = Release|Any CPU
		{1FC04418-6BB5-4F12-A952-DD9EC593891B}.Release|Any CPU.Build.0 = Release|Any CPU
		{CADC83C3-72CD-44F4-864D-F7B2176E669E}.Debug|Any CPU.ActiveCfg = Debug|Any CPU
		{CADC83C3-72CD-44F4-864D-F7B2176E669E}.Debug|Any CPU.Build.0 = Debug|Any CPU
		{CADC83C3-72CD-44F4-864D-F7B2176E669E}.Release|Any CPU.ActiveCfg = Release|Any CPU
		{CADC83C3-72CD-44F4-864D-F7B2176E669E}.Release|Any CPU.Build.0 = Release|Any CPU
	EndGlobalSection
	GlobalSection(SolutionProperties) = preSolution
		HideSolutionNode = FALSE
	EndGlobalSection
	GlobalSection(ExtensibilityGlobals) = postSolution
		SolutionGuid = {677E506A-4B49-48CB-B783-F7E7CFA44B9E}
	EndGlobalSection
EndGlobal
